
Microsoft Visual Studio Solution File, Format Version 12.00
# Visual Studio Version 17
VisualStudioVersion = 17.9.34607.119
MinimumVisualStudioVersion = 10.0.40219.1
Project("{2150E333-8FDC-42A3-9474-1A3956D46DE8}") = "UIs", "UIs", "{18D9507A-096F-4188-9686-E0A98F687828}"
EndProject
Project("{2150E333-8FDC-42A3-9474-1A3956D46DE8}") = "Portal", "Portal", "{D164B054-CE3B-490F-ADA3-C874B9F5197F}"
EndProject
Project("{9A19103F-16F7-4668-BE54-9A1E7A4F7556}") = "Org.Portal", "Org.Portal\Org.Portal.csproj", "{4FFA3A86-7F24-4011-A8A4-E9B2BA28CE34}"
EndProject
Project("{2150E333-8FDC-42A3-9474-1A3956D46DE8}") = "Domains", "Domains", "{31CB6ED7-589E-4F33-BF6F-5975DF2C9E18}"
EndProject
Project("{9A19103F-16F7-4668-BE54-9A1E7A4F7556}") = "SharedUI", "SharedUI\SharedUI.csproj", "{4461CD39-E900-4622-B7C5-D74DCC1E8635}"
EndProject
Project("{9A19103F-16F7-4668-BE54-9A1E7A4F7556}") = "Org.Domains", "Org.Domains\Org.Domains.csproj", "{CC25625F-B55A-4FA2-B61D-4C1A049681BD}"
EndProject
Project("{2150E333-8FDC-42A3-9474-1A3956D46DE8}") = "Applications", "Applications", "{7FCF7362-093B-4D2C-97BB-96A763B3407D}"
EndProject
Project("{9A19103F-16F7-4668-BE54-9A1E7A4F7556}") = "Org.Apps", "Org.Apps\Org.Apps\Org.Apps.csproj", "{F912FAE5-726C-40AB-880B-F93A3404CC20}"
EndProject
Project("{2150E333-8FDC-42A3-9474-1A3956D46DE8}") = "Implementations", "Implementations", "{D8882EEA-78D7-4356-956F-A7776EBE4B12}"
EndProject
Project("{9A19103F-16F7-4668-BE54-9A1E7A4F7556}") = "Org.Impl", "Org.Impls\Org.Impl\Org.Impl.csproj", "{21627583-F643-4B5D-B38B-C49F86272C2D}"
EndProject
Project("{2150E333-8FDC-42A3-9474-1A3956D46DE8}") = "Infrastructures", "Infrastructures", "{514C538A-4BB9-4184-92E5-D471C8684FA0}"
EndProject
Project("{9A19103F-16F7-4668-BE54-9A1E7A4F7556}") = "Org.Storages", "Org.Storages\Org.Storages\Org.Storages.csproj", "{D4AC9875-0001-4043-B5F9-524AF95D9F2B}"
EndProject
Project("{2150E333-8FDC-42A3-9474-1A3956D46DE8}") = "IAGE", "IAGE", "{FE444808-082D-43A4-8F07-7CF5748F9967}"
EndProject
Project("{9A19103F-16F7-4668-BE54-9A1E7A4F7556}") = "IAGE.Shared", "IAGE\IAGE.Shared\IAGE.Shared.csproj", "{CBFBAC66-FE68-454B-A3D5-7A988B6B248B}"
EndProject
Project("{9A19103F-16F7-4668-BE54-9A1E7A4F7556}") = "Org.UI", "Org.UI\Org.UI.csproj", "{AC668CF6-CA7C-4FBC-AA1B-ED38670AD769}"
EndProject
Global
	GlobalSection(SolutionConfigurationPlatforms) = preSolution
		Debug|Any CPU = Debug|Any CPU
		Release|Any CPU = Release|Any CPU
	EndGlobalSection
	GlobalSection(ProjectConfigurationPlatforms) = postSolution
		{4FFA3A86-7F24-4011-A8A4-E9B2BA28CE34}.Debug|Any CPU.ActiveCfg = Debug|Any CPU
		{4FFA3A86-7F24-4011-A8A4-E9B2BA28CE34}.Debug|Any CPU.Build.0 = Debug|Any CPU
		{4FFA3A86-7F24-4011-A8A4-E9B2BA28CE34}.Release|Any CPU.ActiveCfg = Release|Any CPU
		{4FFA3A86-7F24-4011-A8A4-E9B2BA28CE34}.Release|Any CPU.Build.0 = Release|Any CPU
		{4461CD39-E900-4622-B7C5-D74DCC1E8635}.Debug|Any CPU.ActiveCfg = Debug|Any CPU
		{4461CD39-E900-4622-B7C5-D74DCC1E8635}.Debug|Any CPU.Build.0 = Debug|Any CPU
		{4461CD39-E900-4622-B7C5-D74DCC1E8635}.Release|Any CPU.ActiveCfg = Release|Any CPU
		{4461CD39-E900-4622-B7C5-D74DCC1E8635}.Release|Any CPU.Build.0 = Release|Any CPU
		{CC25625F-B55A-4FA2-B61D-4C1A049681BD}.Debug|Any CPU.ActiveCfg = Debug|Any CPU
		{CC25625F-B55A-4FA2-B61D-4C1A049681BD}.Debug|Any CPU.Build.0 = Debug|Any CPU
		{CC25625F-B55A-4FA2-B61D-4C1A049681BD}.Release|Any CPU.ActiveCfg = Release|Any CPU
		{CC25625F-B55A-4FA2-B61D-4C1A049681BD}.Release|Any CPU.Build.0 = Release|Any CPU
		{F912FAE5-726C-40AB-880B-F93A3404CC20}.Debug|Any CPU.ActiveCfg = Debug|Any CPU
		{F912FAE5-726C-40AB-880B-F93A3404CC20}.Debug|Any CPU.Build.0 = Debug|Any CPU
		{F912FAE5-726C-40AB-880B-F93A3404CC20}.Release|Any CPU.ActiveCfg = Release|Any CPU
		{F912FAE5-726C-40AB-880B-F93A3404CC20}.Release|Any CPU.Build.0 = Release|Any CPU
		{21627583-F643-4B5D-B38B-C49F86272C2D}.Debug|Any CPU.ActiveCfg = Debug|Any CPU
		{21627583-F643-4B5D-B38B-C49F86272C2D}.Debug|Any CPU.Build.0 = Debug|Any CPU
		{21627583-F643-4B5D-B38B-C49F86272C2D}.Release|Any CPU.ActiveCfg = Release|Any CPU
		{21627583-F643-4B5D-B38B-C49F86272C2D}.Release|Any CPU.Build.0 = Release|Any CPU
		{D4AC9875-0001-4043-B5F9-524AF95D9F2B}.Debug|Any CPU.ActiveCfg = Debug|Any CPU
		{D4AC9875-0001-4043-B5F9-524AF95D9F2B}.Debug|Any CPU.Build.0 = Debug|Any CPU
		{D4AC9875-0001-4043-B5F9-524AF95D9F2B}.Release|Any CPU.ActiveCfg = Release|Any CPU
		{D4AC9875-0001-4043-B5F9-524AF95D9F2B}.Release|Any CPU.Build.0 = Release|Any CPU
		{CBFBAC66-FE68-454B-A3D5-7A988B6B248B}.Debug|Any CPU.ActiveCfg = Debug|Any CPU
		{CBFBAC66-FE68-454B-A3D5-7A988B6B248B}.Debug|Any CPU.Build.0 = Debug|Any CPU
		{CBFBAC66-FE68-454B-A3D5-7A988B6B248B}.Release|Any CPU.ActiveCfg = Release|Any CPU
		{CBFBAC66-FE68-454B-A3D5-7A988B6B248B}.Release|Any CPU.Build.0 = Release|Any CPU
		{AC668CF6-CA7C-4FBC-AA1B-ED38670AD769}.Debug|Any CPU.ActiveCfg = Debug|Any CPU
		{AC668CF6-CA7C-4FBC-AA1B-ED38670AD769}.Debug|Any CPU.Build.0 = Debug|Any CPU
		{AC668CF6-CA7C-4FBC-AA1B-ED38670AD769}.Release|Any CPU.ActiveCfg = Release|Any CPU
		{AC668CF6-CA7C-4FBC-AA1B-ED38670AD769}.Release|Any CPU.Build.0 = Release|Any CPU
	EndGlobalSection
	GlobalSection(SolutionProperties) = preSolution
		HideSolutionNode = FALSE
	EndGlobalSection
	GlobalSection(NestedProjects) = preSolution
		{4FFA3A86-7F24-4011-A8A4-E9B2BA28CE34} = {D164B054-CE3B-490F-ADA3-C874B9F5197F}
		{4461CD39-E900-4622-B7C5-D74DCC1E8635} = {18D9507A-096F-4188-9686-E0A98F687828}
		{CC25625F-B55A-4FA2-B61D-4C1A049681BD} = {31CB6ED7-589E-4F33-BF6F-5975DF2C9E18}
		{F912FAE5-726C-40AB-880B-F93A3404CC20} = {7FCF7362-093B-4D2C-97BB-96A763B3407D}
		{21627583-F643-4B5D-B38B-C49F86272C2D} = {D8882EEA-78D7-4356-956F-A7776EBE4B12}
		{D4AC9875-0001-4043-B5F9-524AF95D9F2B} = {514C538A-4BB9-4184-92E5-D471C8684FA0}
		{CBFBAC66-FE68-454B-A3D5-7A988B6B248B} = {FE444808-082D-43A4-8F07-7CF5748F9967}
		{AC668CF6-CA7C-4FBC-AA1B-ED38670AD769} = {18D9507A-096F-4188-9686-E0A98F687828}
	EndGlobalSection
	GlobalSection(ExtensibilityGlobals) = postSolution
		SolutionGuid = {3E2855DD-E952-4DDA-BAAF-0DB5E13E75A3}
	EndGlobalSection
EndGlobal
